
Microsoft Visual Studio Solution File, Format Version 12.00
# Visual Studio 14
VisualStudioVersion = 14.0.25420.1
MinimumVisualStudioVersion = 10.0.40219.1
Project("{FAE04EC0-301F-11D3-BF4B-00C04F79EFBC}") = "AcceptanceCriteria", "AcceptanceCriteria\AcceptanceCriteria.csproj", "{B363AA79-AD97-434B-97DF-B012FF1085CB}"
EndProject
Global
	GlobalSection(SolutionConfigurationPlatforms) = preSolution
		Debug|Any CPU = Debug|Any CPU
		Release|Any CPU = Release|Any CPU
	EndGlobalSection
	GlobalSection(ProjectConfigurationPlatforms) = postSolution
		{B363AA79-AD97-434B-97DF-B012FF1085CB}.Debug|Any CPU.ActiveCfg = Debug|Any CPU
		{B363AA79-AD97-434B-97DF-B012FF1085CB}.Debug|Any CPU.Build.0 = Debug|Any CPU
		{B363AA79-AD97-434B-97DF-B012FF1085CB}.Release|Any CPU.ActiveCfg = Release|Any CPU
		{B363AA79-AD97-434B-97DF-B012FF1085CB}.Release|Any CPU.Build.0 = Release|Any CPU
	EndGlobalSection
	GlobalSection(SolutionProperties) = preSolution
		HideSolutionNode = FALSE
	EndGlobalSection
EndGlobal
